
Microsoft Visual Studio Solution File, Format Version 12.00
# Visual Studio Version 17
VisualStudioVersion = 17.7.34003.232
MinimumVisualStudioVersion = 10.0.40219.1
Project("{FAE04EC0-301F-11D3-BF4B-00C04F79EFBC}") = "WebAppTwo", "WebAppTwo\WebAppTwo.csproj", "{216E65D6-2411-4E63-A68E-D58C0430339E}"
EndProject
Global
	GlobalSection(SolutionConfigurationPlatforms) = preSolution
		Debug|Any CPU = Debug|Any CPU
		Release|Any CPU = Release|Any CPU
	EndGlobalSection
	GlobalSection(ProjectConfigurationPlatforms) = postSolution
		{216E65D6-2411-4E63-A68E-D58C0430339E}.Debug|Any CPU.ActiveCfg = Debug|Any CPU
		{216E65D6-2411-4E63-A68E-D58C0430339E}.Debug|Any CPU.Build.0 = Debug|Any CPU
		{216E65D6-2411-4E63-A68E-D58C0430339E}.Release|Any CPU.ActiveCfg = Release|Any CPU
		{216E65D6-2411-4E63-A68E-D58C0430339E}.Release|Any CPU.Build.0 = Release|Any CPU
	EndGlobalSection
	GlobalSection(SolutionProperties) = preSolution
		HideSolutionNode = FALSE
	EndGlobalSection
	GlobalSection(ExtensibilityGlobals) = postSolution
		SolutionGuid = {A083B243-1B5C-4810-A0D3-7F26A602AC2A}
	EndGlobalSection
EndGlobal
