
Microsoft Visual Studio Solution File, Format Version 12.00
# Visual Studio Version 17
VisualStudioVersion = 17.7.34003.232
MinimumVisualStudioVersion = 10.0.40219.1
Project("{FAE04EC0-301F-11D3-BF4B-00C04F79EFBC}") = "WebAppSacffolding", "WebAppSacffolding\WebAppSacffolding.csproj", "{C10809A3-0038-42B4-BFF9-2D51303C2596}"
EndProject
Global
	GlobalSection(SolutionConfigurationPlatforms) = preSolution
		Debug|Any CPU = Debug|Any CPU
		Release|Any CPU = Release|Any CPU
	EndGlobalSection
	GlobalSection(ProjectConfigurationPlatforms) = postSolution
		{C10809A3-0038-42B4-BFF9-2D51303C2596}.Debug|Any CPU.ActiveCfg = Debug|Any CPU
		{C10809A3-0038-42B4-BFF9-2D51303C2596}.Debug|Any CPU.Build.0 = Debug|Any CPU
		{C10809A3-0038-42B4-BFF9-2D51303C2596}.Release|Any CPU.ActiveCfg = Release|Any CPU
		{C10809A3-0038-42B4-BFF9-2D51303C2596}.Release|Any CPU.Build.0 = Release|Any CPU
	EndGlobalSection
	GlobalSection(SolutionProperties) = preSolution
		HideSolutionNode = FALSE
	EndGlobalSection
	GlobalSection(ExtensibilityGlobals) = postSolution
		SolutionGuid = {1B3C5F0D-97DE-4872-848D-36B73C6E3A53}
	EndGlobalSection
EndGlobal
