
Microsoft Visual Studio Solution File, Format Version 12.00
# Visual Studio Version 17
VisualStudioVersion = 17.7.34003.232
MinimumVisualStudioVersion = 10.0.40219.1
Project("{FAE04EC0-301F-11D3-BF4B-00C04F79EFBC}") = "WebAppPageEvents", "WebAppPageEvents\WebAppPageEvents.csproj", "{518CF551-ACF8-44AB-9E34-BDE2F5EF4E8D}"
EndProject
Global
	GlobalSection(SolutionConfigurationPlatforms) = preSolution
		Debug|Any CPU = Debug|Any CPU
		Release|Any CPU = Release|Any CPU
	EndGlobalSection
	GlobalSection(ProjectConfigurationPlatforms) = postSolution
		{518CF551-ACF8-44AB-9E34-BDE2F5EF4E8D}.Debug|Any CPU.ActiveCfg = Debug|Any CPU
		{518CF551-ACF8-44AB-9E34-BDE2F5EF4E8D}.Debug|Any CPU.Build.0 = Debug|Any CPU
		{518CF551-ACF8-44AB-9E34-BDE2F5EF4E8D}.Release|Any CPU.ActiveCfg = Release|Any CPU
		{518CF551-ACF8-44AB-9E34-BDE2F5EF4E8D}.Release|Any CPU.Build.0 = Release|Any CPU
	EndGlobalSection
	GlobalSection(SolutionProperties) = preSolution
		HideSolutionNode = FALSE
	EndGlobalSection
	GlobalSection(ExtensibilityGlobals) = postSolution
		SolutionGuid = {412EC7EA-E4A5-48E5-82AF-6D5E2554C21F}
	EndGlobalSection
EndGlobal
